
Microsoft Visual Studio Solution File, Format Version 12.00
# Visual Studio 15
VisualStudioVersion = 15.0.26430.16
MinimumVisualStudioVersion = 10.0.40219.1
Project("{FAE04EC0-301F-11D3-BF4B-00C04F79EFBC}") = "BankApplicationDemo", "BankApplicationDemo\BankApplicationDemo.csproj", "{3B0EE2B1-5F47-40D9-A6F3-1683F896CBED}"
EndProject
Project("{FAE04EC0-301F-11D3-BF4B-00C04F79EFBC}") = "BankApplicationDemoTests", "BankApplicationDemoTests\BankApplicationDemoTests.csproj", "{22234B0B-D3F4-4E9E-A134-1F5E25E0E451}"
EndProject
Global
	GlobalSection(SolutionConfigurationPlatforms) = preSolution
		Debug|Any CPU = Debug|Any CPU
		Release|Any CPU = Release|Any CPU
	EndGlobalSection
	GlobalSection(ProjectConfigurationPlatforms) = postSolution
		{3B0EE2B1-5F47-40D9-A6F3-1683F896CBED}.Debug|Any CPU.ActiveCfg = Debug|Any CPU
		{3B0EE2B1-5F47-40D9-A6F3-1683F896CBED}.Debug|Any CPU.Build.0 = Debug|Any CPU
		{3B0EE2B1-5F47-40D9-A6F3-1683F896CBED}.Release|Any CPU.ActiveCfg = Release|Any CPU
		{3B0EE2B1-5F47-40D9-A6F3-1683F896CBED}.Release|Any CPU.Build.0 = Release|Any CPU
		{22234B0B-D3F4-4E9E-A134-1F5E25E0E451}.Debug|Any CPU.ActiveCfg = Debug|Any CPU
		{22234B0B-D3F4-4E9E-A134-1F5E25E0E451}.Debug|Any CPU.Build.0 = Debug|Any CPU
		{22234B0B-D3F4-4E9E-A134-1F5E25E0E451}.Release|Any CPU.ActiveCfg = Release|Any CPU
		{22234B0B-D3F4-4E9E-A134-1F5E25E0E451}.Release|Any CPU.Build.0 = Release|Any CPU
	EndGlobalSection
	GlobalSection(SolutionProperties) = preSolution
		HideSolutionNode = FALSE
	EndGlobalSection
EndGlobal
